
Microsoft Visual Studio Solution File, Format Version 12.00
Project("{FAE04EC0-301F-11D3-BF4B-00C04F79EFBC}") = "ArchUnitSample.Api", "ArchUnitSample.Api\ArchUnitSample.Api.csproj", "{4E196C7C-25D7-4022-A62C-B4E9A55D9395}"
EndProject
Project("{FAE04EC0-301F-11D3-BF4B-00C04F79EFBC}") = "ArchUnitSample.Tests", "tests\ArchUnitSample.Tests\ArchUnitSample.Tests.csproj", "{6AC871E3-2D7F-4642-BE90-DD90335A2C4D}"
EndProject
Project("{FAE04EC0-301F-11D3-BF4B-00C04F79EFBC}") = "ArchUnitSample.Core", "ArchUnitSample.Core\ArchUnitSample.Core.csproj", "{07000913-82D5-4765-937B-3539D5E7EDE3}"
EndProject
Global
	GlobalSection(SolutionConfigurationPlatforms) = preSolution
		Debug|Any CPU = Debug|Any CPU
		Release|Any CPU = Release|Any CPU
	EndGlobalSection
	GlobalSection(ProjectConfigurationPlatforms) = postSolution
		{4E196C7C-25D7-4022-A62C-B4E9A55D9395}.Debug|Any CPU.ActiveCfg = Debug|Any CPU
		{4E196C7C-25D7-4022-A62C-B4E9A55D9395}.Debug|Any CPU.Build.0 = Debug|Any CPU
		{4E196C7C-25D7-4022-A62C-B4E9A55D9395}.Release|Any CPU.ActiveCfg = Release|Any CPU
		{4E196C7C-25D7-4022-A62C-B4E9A55D9395}.Release|Any CPU.Build.0 = Release|Any CPU
		{6AC871E3-2D7F-4642-BE90-DD90335A2C4D}.Debug|Any CPU.ActiveCfg = Debug|Any CPU
		{6AC871E3-2D7F-4642-BE90-DD90335A2C4D}.Debug|Any CPU.Build.0 = Debug|Any CPU
		{6AC871E3-2D7F-4642-BE90-DD90335A2C4D}.Release|Any CPU.ActiveCfg = Release|Any CPU
		{6AC871E3-2D7F-4642-BE90-DD90335A2C4D}.Release|Any CPU.Build.0 = Release|Any CPU
		{07000913-82D5-4765-937B-3539D5E7EDE3}.Debug|Any CPU.ActiveCfg = Debug|Any CPU
		{07000913-82D5-4765-937B-3539D5E7EDE3}.Debug|Any CPU.Build.0 = Debug|Any CPU
		{07000913-82D5-4765-937B-3539D5E7EDE3}.Release|Any CPU.ActiveCfg = Release|Any CPU
		{07000913-82D5-4765-937B-3539D5E7EDE3}.Release|Any CPU.Build.0 = Release|Any CPU
	EndGlobalSection
EndGlobal
